// !$*UTF8*$!
{
	archiveVersion = 1;
	classes = {
	};
	objectVersion = 56;
	objects = {

/* Begin PBXBuildFile section */
		133CF60B2C22472900BF3BBF /* APIService.swift in Sources */ = {isa = PBXBuildFile; fileRef = 133CF60A2C22472900BF3BBF /* APIService.swift */; };
		133CF6112C2252A100BF3BBF /* TVShowCell.swift in Sources */ = {isa = PBXBuildFile; fileRef = 133CF6102C2252A100BF3BBF /* TVShowCell.swift */; };
		133CF6132C2254FC00BF3BBF /* FavoritesViewController.swift in Sources */ = {isa = PBXBuildFile; fileRef = 133CF6122C2254FC00BF3BBF /* FavoritesViewController.swift */; };
		133CF6152C22555100BF3BBF /* TVShowsManager.swift in Sources */ = {isa = PBXBuildFile; fileRef = 133CF6142C22555100BF3BBF /* TVShowsManager.swift */; };
		133CF6182C2268FF00BF3BBF /* ShowDetailViewController.storyboard in Resources */ = {isa = PBXBuildFile; fileRef = 133CF6172C2268FF00BF3BBF /* ShowDetailViewController.storyboard */; };
		13F466232C221B23004C5E19 /* AppDelegate.swift in Sources */ = {isa = PBXBuildFile; fileRef = 13F466222C221B23004C5E19 /* AppDelegate.swift */; };
		13F466252C221B23004C5E19 /* SceneDelegate.swift in Sources */ = {isa = PBXBuildFile; fileRef = 13F466242C221B23004C5E19 /* SceneDelegate.swift */; };
		13F4662A2C221B23004C5E19 /* Base in Resources */ = {isa = PBXBuildFile; fileRef = 13F466292C221B23004C5E19 /* Base */; };
		13F4662C2C221B24004C5E19 /* Assets.xcassets in Resources */ = {isa = PBXBuildFile; fileRef = 13F4662B2C221B24004C5E19 /* Assets.xcassets */; };
		13F4662F2C221B24004C5E19 /* Base in Resources */ = {isa = PBXBuildFile; fileRef = 13F4662E2C221B24004C5E19 /* Base */; };
		13F4663B2C221FCC004C5E19 /* TVShowsViewController.swift in Sources */ = {isa = PBXBuildFile; fileRef = 13F4663A2C221FCC004C5E19 /* TVShowsViewController.swift */; };
		13F4663F2C22265C004C5E19 /* ShowDetailViewController.swift in Sources */ = {isa = PBXBuildFile; fileRef = 13F4663E2C22265C004C5E19 /* ShowDetailViewController.swift */; };
		13F466412C22272A004C5E19 /* TVShow.swift in Sources */ = {isa = PBXBuildFile; fileRef = 13F466402C22272A004C5E19 /* TVShow.swift */; };
		13F466432C222910004C5E19 /* TVShowCell.xib in Resources */ = {isa = PBXBuildFile; fileRef = 13F466422C222910004C5E19 /* TVShowCell.xib */; };
/* End PBXBuildFile section */

/* Begin PBXFileReference section */
		133CF60A2C22472900BF3BBF /* APIService.swift */ = {isa = PBXFileReference; lastKnownFileType = sourcecode.swift; path = APIService.swift; sourceTree = "<group>"; };
		133CF6102C2252A100BF3BBF /* TVShowCell.swift */ = {isa = PBXFileReference; lastKnownFileType = sourcecode.swift; path = TVShowCell.swift; sourceTree = "<group>"; };
		133CF6122C2254FC00BF3BBF /* FavoritesViewController.swift */ = {isa = PBXFileReference; lastKnownFileType = sourcecode.swift; path = FavoritesViewController.swift; sourceTree = "<group>"; };
		133CF6142C22555100BF3BBF /* TVShowsManager.swift */ = {isa = PBXFileReference; lastKnownFileType = sourcecode.swift; path = TVShowsManager.swift; sourceTree = "<group>"; };
		133CF6172C2268FF00BF3BBF /* ShowDetailViewController.storyboard */ = {isa = PBXFileReference; lastKnownFileType = file.storyboard; path = ShowDetailViewController.storyboard; sourceTree = "<group>"; };
		13F4661F2C221B23004C5E19 /* TVShows.app */ = {isa = PBXFileReference; explicitFileType = wrapper.application; includeInIndex = 0; path = TVShows.app; sourceTree = BUILT_PRODUCTS_DIR; };
		13F466222C221B23004C5E19 /* AppDelegate.swift */ = {isa = PBXFileReference; lastKnownFileType = sourcecode.swift; path = AppDelegate.swift; sourceTree = "<group>"; };
		13F466242C221B23004C5E19 /* SceneDelegate.swift */ = {isa = PBXFileReference; lastKnownFileType = sourcecode.swift; path = SceneDelegate.swift; sourceTree = "<group>"; };
		13F466292C221B23004C5E19 /* Base */ = {isa = PBXFileReference; lastKnownFileType = file.storyboard; name = Base; path = Base.lproj/Main.storyboard; sourceTree = "<group>"; };
		13F4662B2C221B24004C5E19 /* Assets.xcassets */ = {isa = PBXFileReference; lastKnownFileType = folder.assetcatalog; path = Assets.xcassets; sourceTree = "<group>"; };
		13F4662E2C221B24004C5E19 /* Base */ = {isa = PBXFileReference; lastKnownFileType = file.storyboard; name = Base; path = Base.lproj/LaunchScreen.storyboard; sourceTree = "<group>"; };
		13F466302C221B24004C5E19 /* Info.plist */ = {isa = PBXFileReference; lastKnownFileType = text.plist.xml; path = Info.plist; sourceTree = "<group>"; };
		13F4663A2C221FCC004C5E19 /* TVShowsViewController.swift */ = {isa = PBXFileReference; lastKnownFileType = sourcecode.swift; path = TVShowsViewController.swift; sourceTree = "<group>"; };
		13F4663E2C22265C004C5E19 /* ShowDetailViewController.swift */ = {isa = PBXFileReference; lastKnownFileType = sourcecode.swift; path = ShowDetailViewController.swift; sourceTree = "<group>"; };
		13F466402C22272A004C5E19 /* TVShow.swift */ = {isa = PBXFileReference; lastKnownFileType = sourcecode.swift; path = TVShow.swift; sourceTree = "<group>"; };
		13F466422C222910004C5E19 /* TVShowCell.xib */ = {isa = PBXFileReference; lastKnownFileType = file.xib; path = TVShowCell.xib; sourceTree = "<group>"; };
/* End PBXFileReference section */

/* Begin PBXFrameworksBuildPhase section */
		13F4661C2C221B23004C5E19 /* Frameworks */ = {
			isa = PBXFrameworksBuildPhase;
			buildActionMask = 2147483647;
			files = (
			);
			runOnlyForDeploymentPostprocessing = 0;
		};
/* End PBXFrameworksBuildPhase section */

/* Begin PBXGroup section */
		133CF6092C2246F500BF3BBF /* Networking */ = {
			isa = PBXGroup;
			children = (
				133CF60A2C22472900BF3BBF /* APIService.swift */,
			);
			path = Networking;
			sourceTree = "<group>";
		};
		133CF6162C225A1500BF3BBF /* Cells */ = {
			isa = PBXGroup;
			children = (
				133CF6102C2252A100BF3BBF /* TVShowCell.swift */,
				13F466422C222910004C5E19 /* TVShowCell.xib */,
			);
			path = Cells;
			sourceTree = "<group>";
		};
		13F466162C221B23004C5E19 = {
			isa = PBXGroup;
			children = (
				13F466212C221B23004C5E19 /* TVShows */,
				13F466202C221B23004C5E19 /* Products */,
			);
			sourceTree = "<group>";
		};
		13F466202C221B23004C5E19 /* Products */ = {
			isa = PBXGroup;
			children = (
				13F4661F2C221B23004C5E19 /* TVShows.app */,
			);
			name = Products;
			sourceTree = "<group>";
		};
		13F466212C221B23004C5E19 /* TVShows */ = {
			isa = PBXGroup;
			children = (
				133CF6092C2246F500BF3BBF /* Networking */,
				13F466462C22462D004C5E19 /* Views */,
				13F466452C224623004C5E19 /* ViewControllers */,
				13F466442C224618004C5E19 /* Models */,
				13F466222C221B23004C5E19 /* AppDelegate.swift */,
				13F466242C221B23004C5E19 /* SceneDelegate.swift */,
				13F4662B2C221B24004C5E19 /* Assets.xcassets */,
				13F4662D2C221B24004C5E19 /* LaunchScreen.storyboard */,
				13F466302C221B24004C5E19 /* Info.plist */,
			);
			path = TVShows;
			sourceTree = "<group>";
		};
		13F466442C224618004C5E19 /* Models */ = {
			isa = PBXGroup;
			children = (
				133CF6142C22555100BF3BBF /* TVShowsManager.swift */,
				13F466402C22272A004C5E19 /* TVShow.swift */,
			);
			path = Models;
			sourceTree = "<group>";
		};
		13F466452C224623004C5E19 /* ViewControllers */ = {
			isa = PBXGroup;
			children = (
				13F4663A2C221FCC004C5E19 /* TVShowsViewController.swift */,
				13F4663E2C22265C004C5E19 /* ShowDetailViewController.swift */,
				133CF6122C2254FC00BF3BBF /* FavoritesViewController.swift */,
			);
			path = ViewControllers;
			sourceTree = "<group>";
		};
		13F466462C22462D004C5E19 /* Views */ = {
			isa = PBXGroup;
			children = (
				133CF6162C225A1500BF3BBF /* Cells */,
				13F466282C221B23004C5E19 /* Main.storyboard */,
				133CF6172C2268FF00BF3BBF /* ShowDetailViewController.storyboard */,
			);
			path = Views;
			sourceTree = "<group>";
		};
/* End PBXGroup section */

/* Begin PBXNativeTarget section */
		13F4661E2C221B23004C5E19 /* TVShows */ = {
			isa = PBXNativeTarget;
			buildConfigurationList = 13F466332C221B24004C5E19 /* Build configuration list for PBXNativeTarget "TVShows" */;
			buildPhases = (
				13F4661B2C221B23004C5E19 /* Sources */,
				13F4661C2C221B23004C5E19 /* Frameworks */,
				13F4661D2C221B23004C5E19 /* Resources */,
			);
			buildRules = (
			);
			dependencies = (
			);
			name = TVShows;
			productName = TVShows;
			productReference = 13F4661F2C221B23004C5E19 /* TVShows.app */;
			productType = "com.apple.product-type.application";
		};
/* End PBXNativeTarget section */

/* Begin PBXProject section */
		13F466172C221B23004C5E19 /* Project object */ = {
			isa = PBXProject;
			attributes = {
				BuildIndependentTargetsInParallel = 1;
				LastSwiftUpdateCheck = 1540;
				LastUpgradeCheck = 1540;
				TargetAttributes = {
					13F4661E2C221B23004C5E19 = {
						CreatedOnToolsVersion = 15.4;
					};
				};
			};
			buildConfigurationList = 13F4661A2C221B23004C5E19 /* Build configuration list for PBXProject "TVShows" */;
			compatibilityVersion = "Xcode 14.0";
			developmentRegion = en;
			hasScannedForEncodings = 0;
			knownRegions = (
				en,
				Base,
			);
			mainGroup = 13F466162C221B23004C5E19;
			productRefGroup = 13F466202C221B23004C5E19 /* Products */;
			projectDirPath = "";
			projectRoot = "";
			targets = (
				13F4661E2C221B23004C5E19 /* TVShows */,
			);
		};
/* End PBXProject section */

/* Begin PBXResourcesBuildPhase section */
		13F4661D2C221B23004C5E19 /* Resources */ = {
			isa = PBXResourcesBuildPhase;
			buildActionMask = 2147483647;
			files = (
				13F4662C2C221B24004C5E19 /* Assets.xcassets in Resources */,
				13F4662F2C221B24004C5E19 /* Base in Resources */,
				13F466432C222910004C5E19 /* TVShowCell.xib in Resources */,
				133CF6182C2268FF00BF3BBF /* ShowDetailViewController.storyboard in Resources */,
				13F4662A2C221B23004C5E19 /* Base in Resources */,
			);
			runOnlyForDeploymentPostprocessing = 0;
		};
/* End PBXResourcesBuildPhase section */

/* Begin PBXSourcesBuildPhase section */
		13F4661B2C221B23004C5E19 /* Sources */ = {
			isa = PBXSourcesBuildPhase;
			buildActionMask = 2147483647;
			files = (
				133CF6132C2254FC00BF3BBF /* FavoritesViewController.swift in Sources */,
				133CF60B2C22472900BF3BBF /* APIService.swift in Sources */,
				13F466412C22272A004C5E19 /* TVShow.swift in Sources */,
				13F4663F2C22265C004C5E19 /* ShowDetailViewController.swift in Sources */,
				13F4663B2C221FCC004C5E19 /* TVShowsViewController.swift in Sources */,
				133CF6152C22555100BF3BBF /* TVShowsManager.swift in Sources */,
				13F466232C221B23004C5E19 /* AppDelegate.swift in Sources */,
				133CF6112C2252A100BF3BBF /* TVShowCell.swift in Sources */,
				13F466252C221B23004C5E19 /* SceneDelegate.swift in Sources */,
			);
			runOnlyForDeploymentPostprocessing = 0;
		};
/* End PBXSourcesBuildPhase section */

/* Begin PBXVariantGroup section */
		13F466282C221B23004C5E19 /* Main.storyboard */ = {
			isa = PBXVariantGroup;
			children = (
				13F466292C221B23004C5E19 /* Base */,
			);
			name = Main.storyboard;
			sourceTree = "<group>";
		};
		13F4662D2C221B24004C5E19 /* LaunchScreen.storyboard */ = {
			isa = PBXVariantGroup;
			children = (
				13F4662E2C221B24004C5E19 /* Base */,
			);
			name = LaunchScreen.storyboard;
			sourceTree = "<group>";
		};
/* End PBXVariantGroup section */

/* Begin XCBuildConfiguration section */
		13F466312C221B24004C5E19 /* Debug */ = {
			isa = XCBuildConfiguration;
			buildSettings = {
				ALWAYS_SEARCH_USER_PATHS = NO;
				ASSETCATALOG_COMPILER_GENERATE_SWIFT_ASSET_SYMBOL_EXTENSIONS = YES;
				CLANG_ANALYZER_NONNULL = YES;
				CLANG_ANALYZER_NUMBER_OBJECT_CONVERSION = YES_AGGRESSIVE;
				CLANG_CXX_LANGUAGE_STANDARD = "gnu++20";
				CLANG_ENABLE_MODULES = YES;
				CLANG_ENABLE_OBJC_ARC = YES;
				CLANG_ENABLE_OBJC_WEAK = YES;
				CLANG_WARN_BLOCK_CAPTURE_AUTORELEASING = YES;
				CLANG_WARN_BOOL_CONVERSION = YES;
				CLANG_WARN_COMMA = YES;
				CLANG_WARN_CONSTANT_CONVERSION = YES;
				CLANG_WARN_DEPRECATED_OBJC_IMPLEMENTATIONS = YES;
				CLANG_WARN_DIRECT_OBJC_ISA_USAGE = YES_ERROR;
				CLANG_WARN_DOCUMENTATION_COMMENTS = YES;
				CLANG_WARN_EMPTY_BODY = YES;
				CLANG_WARN_ENUM_CONVERSION = YES;
				CLANG_WARN_INFINITE_RECURSION = YES;
				CLANG_WARN_INT_CONVERSION = YES;
				CLANG_WARN_NON_LITERAL_NULL_CONVERSION = YES;
				CLANG_WARN_OBJC_IMPLICIT_RETAIN_SELF = YES;
				CLANG_WARN_OBJC_LITERAL_CONVERSION = YES;
				CLANG_WARN_OBJC_ROOT_CLASS = YES_ERROR;
				CLANG_WARN_QUOTED_INCLUDE_IN_FRAMEWORK_HEADER = YES;
				CLANG_WARN_RANGE_LOOP_ANALYSIS = YES;
				CLANG_WARN_STRICT_PROTOTYPES = YES;
				CLANG_WARN_SUSPICIOUS_MOVE = YES;
				CLANG_WARN_UNGUARDED_AVAILABILITY = YES_AGGRESSIVE;
				CLANG_WARN_UNREACHABLE_CODE = YES;
				CLANG_WARN__DUPLICATE_METHOD_MATCH = YES;
				COPY_PHASE_STRIP = NO;
				DEBUG_INFORMATION_FORMAT = dwarf;
				ENABLE_STRICT_OBJC_MSGSEND = YES;
				ENABLE_TESTABILITY = YES;
				ENABLE_USER_SCRIPT_SANDBOXING = YES;
				GCC_C_LANGUAGE_STANDARD = gnu17;
				GCC_DYNAMIC_NO_PIC = NO;
				GCC_NO_COMMON_BLOCKS = YES;
				GCC_OPTIMIZATION_LEVEL = 0;
				GCC_PREPROCESSOR_DEFINITIONS = (
					"DEBUG=1",
					"$(inherited)",
				);
				GCC_WARN_64_TO_32_BIT_CONVERSION = YES;
				GCC_WARN_ABOUT_RETURN_TYPE = YES_ERROR;
				GCC_WARN_UNDECLARED_SELECTOR = YES;
				GCC_WARN_UNINITIALIZED_AUTOS = YES_AGGRESSIVE;
				GCC_WARN_UNUSED_FUNCTION = YES;
				GCC_WARN_UNUSED_VARIABLE = YES;
				IPHONEOS_DEPLOYMENT_TARGET = 17.5;
				LOCALIZATION_PREFERS_STRING_CATALOGS = YES;
				MTL_ENABLE_DEBUG_INFO = INCLUDE_SOURCE;
				MTL_FAST_MATH = YES;
				ONLY_ACTIVE_ARCH = YES;
				SDKROOT = iphoneos;
				SWIFT_ACTIVE_COMPILATION_CONDITIONS = "DEBUG $(inherited)";
				SWIFT_OPTIMIZATION_LEVEL = "-Onone";
			};
			name = Debug;
		};
		13F466322C221B24004C5E19 /* Release */ = {
			isa = XCBuildConfiguration;
			buildSettings = {
				ALWAYS_SEARCH_USER_PATHS = NO;
				ASSETCATALOG_COMPILER_GENERATE_SWIFT_ASSET_SYMBOL_EXTENSIONS = YES;
				CLANG_ANALYZER_NONNULL = YES;
				CLANG_ANALYZER_NUMBER_OBJECT_CONVERSION = YES_AGGRESSIVE;
				CLANG_CXX_LANGUAGE_STANDARD = "gnu++20";
				CLANG_ENABLE_MODULES = YES;
				CLANG_ENABLE_OBJC_ARC = YES;
				CLANG_ENABLE_OBJC_WEAK = YES;
				CLANG_WARN_BLOCK_CAPTURE_AUTORELEASING = YES;
				CLANG_WARN_BOOL_CONVERSION = YES;
				CLANG_WARN_COMMA = YES;
				CLANG_WARN_CONSTANT_CONVERSION = YES;
				CLANG_WARN_DEPRECATED_OBJC_IMPLEMENTATIONS = YES;
				CLANG_WARN_DIRECT_OBJC_ISA_USAGE = YES_ERROR;
				CLANG_WARN_DOCUMENTATION_COMMENTS = YES;
				CLANG_WARN_EMPTY_BODY = YES;
				CLANG_WARN_ENUM_CONVERSION = YES;
				CLANG_WARN_INFINITE_RECURSION = YES;
				CLANG_WARN_INT_CONVERSION = YES;
				CLANG_WARN_NON_LITERAL_NULL_CONVERSION = YES;
				CLANG_WARN_OBJC_IMPLICIT_RETAIN_SELF = YES;
				CLANG_WARN_OBJC_LITERAL_CONVERSION = YES;
				CLANG_WARN_OBJC_ROOT_CLASS = YES_ERROR;
				CLANG_WARN_QUOTED_INCLUDE_IN_FRAMEWORK_HEADER = YES;
				CLANG_WARN_RANGE_LOOP_ANALYSIS = YES;
				CLANG_WARN_STRICT_PROTOTYPES = YES;
				CLANG_WARN_SUSPICIOUS_MOVE = YES;
				CLANG_WARN_UNGUARDED_AVAILABILITY = YES_AGGRESSIVE;
				CLANG_WARN_UNREACHABLE_CODE = YES;
				CLANG_WARN__DUPLICATE_METHOD_MATCH = YES;
				COPY_PHASE_STRIP = NO;
				DEBUG_INFORMATION_FORMAT = "dwarf-with-dsym";
				ENABLE_NS_ASSERTIONS = NO;
				ENABLE_STRICT_OBJC_MSGSEND = YES;
				ENABLE_USER_SCRIPT_SANDBOXING = YES;
				GCC_C_LANGUAGE_STANDARD = gnu17;
				GCC_NO_COMMON_BLOCKS = YES;
				GCC_WARN_64_TO_32_BIT_CONVERSION = YES;
				GCC_WARN_ABOUT_RETURN_TYPE = YES_ERROR;
				GCC_WARN_UNDECLARED_SELECTOR = YES;
				GCC_WARN_UNINITIALIZED_AUTOS = YES_AGGRESSIVE;
				GCC_WARN_UNUSED_FUNCTION = YES;
				GCC_WARN_UNUSED_VARIABLE = YES;
				IPHONEOS_DEPLOYMENT_TARGET = 17.5;
				LOCALIZATION_PREFERS_STRING_CATALOGS = YES;
				MTL_ENABLE_DEBUG_INFO = NO;
				MTL_FAST_MATH = YES;
				SDKROOT = iphoneos;
				SWIFT_COMPILATION_MODE = wholemodule;
				VALIDATE_PRODUCT = YES;
			};
			name = Release;
		};
		13F466342C221B24004C5E19 /* Debug */ = {
			isa = XCBuildConfiguration;
			buildSettings = {
				ASSETCATALOG_COMPILER_APPICON_NAME = AppIcon;
				ASSETCATALOG_COMPILER_GLOBAL_ACCENT_COLOR_NAME = AccentColor;
				CODE_SIGN_STYLE = Automatic;
				CURRENT_PROJECT_VERSION = 1;
				DEVELOPMENT_TEAM = 96M69NK9FL;
				GENERATE_INFOPLIST_FILE = YES;
				INFOPLIST_FILE = TVShows/Info.plist;
				INFOPLIST_KEY_UIApplicationSupportsIndirectInputEvents = YES;
				INFOPLIST_KEY_UILaunchStoryboardName = LaunchScreen;
				INFOPLIST_KEY_UIMainStoryboardFile = Main;
				INFOPLIST_KEY_UISupportedInterfaceOrientations_iPad = "UIInterfaceOrientationPortrait UIInterfaceOrientationPortraitUpsideDown UIInterfaceOrientationLandscapeLeft UIInterfaceOrientationLandscapeRight";
				INFOPLIST_KEY_UISupportedInterfaceOrientations_iPhone = "UIInterfaceOrientationPortrait UIInterfaceOrientationLandscapeLeft UIInterfaceOrientationLandscapeRight";
				LD_RUNPATH_SEARCH_PATHS = (
					"$(inherited)",
					"@executable_path/Frameworks",
				);
				MARKETING_VERSION = 1.0;
				PRODUCT_BUNDLE_IDENTIFIER = JLRR.TVShows;
				PRODUCT_NAME = "$(TARGET_NAME)";
				SWIFT_EMIT_LOC_STRINGS = YES;
				SWIFT_VERSION = 5.0;
				TARGETED_DEVICE_FAMILY = "1,2";
			};
			name = Debug;
		};
		13F466352C221B24004C5E19 /* Release */ = {
			isa = XCBuildConfiguration;
			buildSettings = {
				ASSETCATALOG_COMPILER_APPICON_NAME = AppIcon;
				ASSETCATALOG_COMPILER_GLOBAL_ACCENT_COLOR_NAME = AccentColor;
				CODE_SIGN_STYLE = Automatic;
				CURRENT_PROJECT_VERSION = 1;
				DEVELOPMENT_TEAM = 96M69NK9FL;
				GENERATE_INFOPLIST_FILE = YES;
				INFOPLIST_FILE = TVShows/Info.plist;
				INFOPLIST_KEY_UIApplicationSupportsIndirectInputEvents = YES;
				INFOPLIST_KEY_UILaunchStoryboardName = LaunchScreen;
				INFOPLIST_KEY_UIMainStoryboardFile = Main;
				INFOPLIST_KEY_UISupportedInterfaceOrientations_iPad = "UIInterfaceOrientationPortrait UIInterfaceOrientationPortraitUpsideDown UIInterfaceOrientationLandscapeLeft UIInterfaceOrientationLandscapeRight";
				INFOPLIST_KEY_UISupportedInterfaceOrientations_iPhone = "UIInterfaceOrientationPortrait UIInterfaceOrientationLandscapeLeft UIInterfaceOrientationLandscapeRight";
				LD_RUNPATH_SEARCH_PATHS = (
					"$(inherited)",
					"@executable_path/Frameworks",
				);
				MARKETING_VERSION = 1.0;
				PRODUCT_BUNDLE_IDENTIFIER = JLRR.TVShows;
				PRODUCT_NAME = "$(TARGET_NAME)";
				SWIFT_EMIT_LOC_STRINGS = YES;
				SWIFT_VERSION = 5.0;
				TARGETED_DEVICE_FAMILY = "1,2";
			};
			name = Release;
		};
/* End XCBuildConfiguration section */

/* Begin XCConfigurationList section */
		13F4661A2C221B23004C5E19 /* Build configuration list for PBXProject "TVShows" */ = {
			isa = XCConfigurationList;
			buildConfigurations = (
				13F466312C221B24004C5E19 /* Debug */,
				13F466322C221B24004C5E19 /* Release */,
			);
			defaultConfigurationIsVisible = 0;
			defaultConfigurationName = Release;
		};
		13F466332C221B24004C5E19 /* Build configuration list for PBXNativeTarget "TVShows" */ = {
			isa = XCConfigurationList;
			buildConfigurations = (
				13F466342C221B24004C5E19 /* Debug */,
				13F466352C221B24004C5E19 /* Release */,
			);
			defaultConfigurationIsVisible = 0;
			defaultConfigurationName = Release;
		};
/* End XCConfigurationList section */
	};
	rootObject = 13F466172C221B23004C5E19 /* Project object */;
}
